
Microsoft Visual Studio Solution File, Format Version 12.00
# Visual Studio 15
VisualStudioVersion = 15.0.27130.2020
MinimumVisualStudioVersion = 10.0.40219.1
Project("{2150E333-8FDC-42A3-9474-1A3956D46DE8}") = "Solution Items", "Solution Items", "{75FEAA9C-7E5D-40B2-B64D-0F45EF6A804B}"
	ProjectSection(SolutionItems) = preProject
		..\README.md = ..\README.md
	EndProjectSection
EndProject
Project("{9A19103F-16F7-4668-BE54-9A1E7A4F7556}") = "PortfolioTracker.Core", "PortfolioTracker.Core\PortfolioTracker.Core.csproj", "{464B165C-42F6-4614-A203-18B285F61EC3}"
EndProject
Project("{9A19103F-16F7-4668-BE54-9A1E7A4F7556}") = "PortfolioTracker.UnitTests", "PortfolioTracker.UnitTests\PortfolioTracker.UnitTests.csproj", "{A1DDBDB4-337C-4675-8542-5A1DFDC41C9F}"
EndProject
Global
	GlobalSection(SolutionConfigurationPlatforms) = preSolution
		Debug|Any CPU = Debug|Any CPU
		Release|Any CPU = Release|Any CPU
	EndGlobalSection
	GlobalSection(ProjectConfigurationPlatforms) = postSolution
		{464B165C-42F6-4614-A203-18B285F61EC3}.Debug|Any CPU.ActiveCfg = Debug|Any CPU
		{464B165C-42F6-4614-A203-18B285F61EC3}.Debug|Any CPU.Build.0 = Debug|Any CPU
		{464B165C-42F6-4614-A203-18B285F61EC3}.Release|Any CPU.ActiveCfg = Release|Any CPU
		{464B165C-42F6-4614-A203-18B285F61EC3}.Release|Any CPU.Build.0 = Release|Any CPU
		{A1DDBDB4-337C-4675-8542-5A1DFDC41C9F}.Debug|Any CPU.ActiveCfg = Debug|Any CPU
		{A1DDBDB4-337C-4675-8542-5A1DFDC41C9F}.Debug|Any CPU.Build.0 = Debug|Any CPU
		{A1DDBDB4-337C-4675-8542-5A1DFDC41C9F}.Release|Any CPU.ActiveCfg = Release|Any CPU
		{A1DDBDB4-337C-4675-8542-5A1DFDC41C9F}.Release|Any CPU.Build.0 = Release|Any CPU
	EndGlobalSection
	GlobalSection(SolutionProperties) = preSolution
		HideSolutionNode = FALSE
	EndGlobalSection
	GlobalSection(ExtensibilityGlobals) = postSolution
		SolutionGuid = {577F1B2C-140D-4356-8192-BB683072C209}
	EndGlobalSection
EndGlobal
